// !$*UTF8*$!
{
	archiveVersion = 1;
	classes = {
	};
	objectVersion = 50;
	objects = {

/* Begin PBXBuildFile section */
		409318302428D13E00B21622 /* AppDelegate.swift in Sources */ = {isa = PBXBuildFile; fileRef = 4093182F2428D13E00B21622 /* AppDelegate.swift */; };
		409318322428D13E00B21622 /* SceneDelegate.swift in Sources */ = {isa = PBXBuildFile; fileRef = 409318312428D13E00B21622 /* SceneDelegate.swift */; };
		409318342428D13E00B21622 /* ViewController.swift in Sources */ = {isa = PBXBuildFile; fileRef = 409318332428D13E00B21622 /* ViewController.swift */; };
		4093183A2428D13E00B21622 /* Running_tracker.xcdatamodeld in Sources */ = {isa = PBXBuildFile; fileRef = 409318382428D13E00B21622 /* Running_tracker.xcdatamodeld */; };
		4093183C2428D14000B21622 /* Assets.xcassets in Resources */ = {isa = PBXBuildFile; fileRef = 4093183B2428D14000B21622 /* Assets.xcassets */; };
		4093183F2428D14000B21622 /* LaunchScreen.storyboard in Resources */ = {isa = PBXBuildFile; fileRef = 4093183D2428D14000B21622 /* LaunchScreen.storyboard */; };
		4093184A2428D14000B21622 /* Running_trackerTests.swift in Sources */ = {isa = PBXBuildFile; fileRef = 409318492428D14000B21622 /* Running_trackerTests.swift */; };
		40931863242A76AC00B21622 /* Presenter.swift in Sources */ = {isa = PBXBuildFile; fileRef = 40931862242A76AC00B21622 /* Presenter.swift */; };
		40931866242A76D300B21622 /* SessionTracker.swift in Sources */ = {isa = PBXBuildFile; fileRef = 40931865242A76D300B21622 /* SessionTracker.swift */; };
		FB036D6A242BAE640069D27C /* StartSessionUseCase.swift in Sources */ = {isa = PBXBuildFile; fileRef = FB036D69242BAE640069D27C /* StartSessionUseCase.swift */; };
		FB036D6D242BAEF70069D27C /* CoreLocation.framework in Frameworks */ = {isa = PBXBuildFile; fileRef = FB036D6C242BAEF70069D27C /* CoreLocation.framework */; };
		FBFD668C242D10B800770B31 /* Session.swift in Sources */ = {isa = PBXBuildFile; fileRef = FBFD668B242D10B800770B31 /* Session.swift */; };
/* End PBXBuildFile section */

/* Begin PBXContainerItemProxy section */
		409318462428D14000B21622 /* PBXContainerItemProxy */ = {
			isa = PBXContainerItemProxy;
			containerPortal = 409318242428D13E00B21622 /* Project object */;
			proxyType = 1;
			remoteGlobalIDString = 4093182B2428D13E00B21622;
			remoteInfo = "Running tracker";
		};
/* End PBXContainerItemProxy section */

/* Begin PBXFileReference section */
		4093182C2428D13E00B21622 /* Running tracker.app */ = {isa = PBXFileReference; explicitFileType = wrapper.application; includeInIndex = 0; path = "Running tracker.app"; sourceTree = BUILT_PRODUCTS_DIR; };
		4093182F2428D13E00B21622 /* AppDelegate.swift */ = {isa = PBXFileReference; lastKnownFileType = sourcecode.swift; path = AppDelegate.swift; sourceTree = "<group>"; };
		409318312428D13E00B21622 /* SceneDelegate.swift */ = {isa = PBXFileReference; lastKnownFileType = sourcecode.swift; path = SceneDelegate.swift; sourceTree = "<group>"; };
		409318332428D13E00B21622 /* ViewController.swift */ = {isa = PBXFileReference; lastKnownFileType = sourcecode.swift; path = ViewController.swift; sourceTree = "<group>"; };
		409318392428D13E00B21622 /* Running_tracker.xcdatamodel */ = {isa = PBXFileReference; lastKnownFileType = wrapper.xcdatamodel; path = Running_tracker.xcdatamodel; sourceTree = "<group>"; };
		4093183B2428D14000B21622 /* Assets.xcassets */ = {isa = PBXFileReference; lastKnownFileType = folder.assetcatalog; path = Assets.xcassets; sourceTree = "<group>"; };
		4093183E2428D14000B21622 /* Base */ = {isa = PBXFileReference; lastKnownFileType = file.storyboard; name = Base; path = Base.lproj/LaunchScreen.storyboard; sourceTree = "<group>"; };
		409318402428D14000B21622 /* Info.plist */ = {isa = PBXFileReference; lastKnownFileType = text.plist.xml; path = Info.plist; sourceTree = "<group>"; };
		409318452428D14000B21622 /* Running trackerTests.xctest */ = {isa = PBXFileReference; explicitFileType = wrapper.cfbundle; includeInIndex = 0; path = "Running trackerTests.xctest"; sourceTree = BUILT_PRODUCTS_DIR; };
		409318492428D14000B21622 /* Running_trackerTests.swift */ = {isa = PBXFileReference; lastKnownFileType = sourcecode.swift; path = Running_trackerTests.swift; sourceTree = "<group>"; };
		4093184B2428D14000B21622 /* Info.plist */ = {isa = PBXFileReference; lastKnownFileType = text.plist.xml; path = Info.plist; sourceTree = "<group>"; };
		40931862242A76AC00B21622 /* Presenter.swift */ = {isa = PBXFileReference; lastKnownFileType = sourcecode.swift; path = Presenter.swift; sourceTree = "<group>"; };
		40931865242A76D300B21622 /* SessionTracker.swift */ = {isa = PBXFileReference; lastKnownFileType = sourcecode.swift; path = SessionTracker.swift; sourceTree = "<group>"; };
		FB036D69242BAE640069D27C /* StartSessionUseCase.swift */ = {isa = PBXFileReference; lastKnownFileType = sourcecode.swift; path = StartSessionUseCase.swift; sourceTree = "<group>"; };
		FB036D6C242BAEF70069D27C /* CoreLocation.framework */ = {isa = PBXFileReference; lastKnownFileType = wrapper.framework; name = CoreLocation.framework; path = System/Library/Frameworks/CoreLocation.framework; sourceTree = SDKROOT; };
		FBFD668B242D10B800770B31 /* Session.swift */ = {isa = PBXFileReference; lastKnownFileType = sourcecode.swift; path = Session.swift; sourceTree = "<group>"; };
/* End PBXFileReference section */

/* Begin PBXFrameworksBuildPhase section */
		409318292428D13E00B21622 /* Frameworks */ = {
			isa = PBXFrameworksBuildPhase;
			buildActionMask = 2147483647;
			files = (
				FB036D6D242BAEF70069D27C /* CoreLocation.framework in Frameworks */,
			);
			runOnlyForDeploymentPostprocessing = 0;
		};
		409318422428D14000B21622 /* Frameworks */ = {
			isa = PBXFrameworksBuildPhase;
			buildActionMask = 2147483647;
			files = (
			);
			runOnlyForDeploymentPostprocessing = 0;
		};
/* End PBXFrameworksBuildPhase section */

/* Begin PBXGroup section */
		409318232428D13E00B21622 = {
			isa = PBXGroup;
			children = (
				4093182E2428D13E00B21622 /* Running tracker */,
				409318482428D14000B21622 /* Running trackerTests */,
				4093182D2428D13E00B21622 /* Products */,
				FB036D6B242BAEF70069D27C /* Frameworks */,
			);
			sourceTree = "<group>";
		};
		4093182D2428D13E00B21622 /* Products */ = {
			isa = PBXGroup;
			children = (
				4093182C2428D13E00B21622 /* Running tracker.app */,
				409318452428D14000B21622 /* Running trackerTests.xctest */,
			);
			name = Products;
			sourceTree = "<group>";
		};
		4093182E2428D13E00B21622 /* Running tracker */ = {
			isa = PBXGroup;
			children = (
				FB036D68242BACC10069D27C /* UseCases */,
				40931867242A76DD00B21622 /* Model */,
				40931864242A76B400B21622 /* Presenter */,
				40931861242A769200B21622 /* View */,
				4093182F2428D13E00B21622 /* AppDelegate.swift */,
				409318312428D13E00B21622 /* SceneDelegate.swift */,
				4093183B2428D14000B21622 /* Assets.xcassets */,
				4093183D2428D14000B21622 /* LaunchScreen.storyboard */,
				409318402428D14000B21622 /* Info.plist */,
				409318382428D13E00B21622 /* Running_tracker.xcdatamodeld */,
			);
			path = "Running tracker";
			sourceTree = "<group>";
		};
		409318482428D14000B21622 /* Running trackerTests */ = {
			isa = PBXGroup;
			children = (
				409318492428D14000B21622 /* Running_trackerTests.swift */,
				4093184B2428D14000B21622 /* Info.plist */,
			);
			path = "Running trackerTests";
			sourceTree = "<group>";
		};
		40931861242A769200B21622 /* View */ = {
			isa = PBXGroup;
			children = (
				409318332428D13E00B21622 /* ViewController.swift */,
			);
			path = View;
			sourceTree = "<group>";
		};
		40931864242A76B400B21622 /* Presenter */ = {
			isa = PBXGroup;
			children = (
				40931862242A76AC00B21622 /* Presenter.swift */,
			);
			path = Presenter;
			sourceTree = "<group>";
		};
		40931867242A76DD00B21622 /* Model */ = {
			isa = PBXGroup;
			children = (
				40931865242A76D300B21622 /* SessionTracker.swift */,
				FBFD668B242D10B800770B31 /* Session.swift */,
			);
			path = Model;
			sourceTree = "<group>";
		};
		FB036D68242BACC10069D27C /* UseCases */ = {
			isa = PBXGroup;
			children = (
				FB036D69242BAE640069D27C /* StartSessionUseCase.swift */,
			);
			path = UseCases;
			sourceTree = "<group>";
		};
		FB036D6B242BAEF70069D27C /* Frameworks */ = {
			isa = PBXGroup;
			children = (
				FB036D6C242BAEF70069D27C /* CoreLocation.framework */,
			);
			name = Frameworks;
			sourceTree = "<group>";
		};
/* End PBXGroup section */

/* Begin PBXNativeTarget section */
		4093182B2428D13E00B21622 /* Running tracker */ = {
			isa = PBXNativeTarget;
			buildConfigurationList = 4093184E2428D14000B21622 /* Build configuration list for PBXNativeTarget "Running tracker" */;
			buildPhases = (
				409318282428D13E00B21622 /* Sources */,
				409318292428D13E00B21622 /* Frameworks */,
				4093182A2428D13E00B21622 /* Resources */,
			);
			buildRules = (
			);
			dependencies = (
			);
			name = "Running tracker";
			productName = "Running tracker";
			productReference = 4093182C2428D13E00B21622 /* Running tracker.app */;
			productType = "com.apple.product-type.application";
		};
		409318442428D14000B21622 /* Running trackerTests */ = {
			isa = PBXNativeTarget;
			buildConfigurationList = 409318512428D14000B21622 /* Build configuration list for PBXNativeTarget "Running trackerTests" */;
			buildPhases = (
				409318412428D14000B21622 /* Sources */,
				409318422428D14000B21622 /* Frameworks */,
				409318432428D14000B21622 /* Resources */,
			);
			buildRules = (
			);
			dependencies = (
				409318472428D14000B21622 /* PBXTargetDependency */,
			);
			name = "Running trackerTests";
			productName = "Running trackerTests";
			productReference = 409318452428D14000B21622 /* Running trackerTests.xctest */;
			productType = "com.apple.product-type.bundle.unit-test";
		};
/* End PBXNativeTarget section */

/* Begin PBXProject section */
		409318242428D13E00B21622 /* Project object */ = {
			isa = PBXProject;
			attributes = {
				LastSwiftUpdateCheck = 1130;
				LastUpgradeCheck = 1130;
				ORGANIZATIONNAME = "Ivan Murashov";
				TargetAttributes = {
					4093182B2428D13E00B21622 = {
						CreatedOnToolsVersion = 11.3.1;
					};
					409318442428D14000B21622 = {
						CreatedOnToolsVersion = 11.3.1;
						TestTargetID = 4093182B2428D13E00B21622;
					};
				};
			};
			buildConfigurationList = 409318272428D13E00B21622 /* Build configuration list for PBXProject "Running tracker" */;
			compatibilityVersion = "Xcode 9.3";
			developmentRegion = en;
			hasScannedForEncodings = 0;
			knownRegions = (
				en,
				Base,
			);
			mainGroup = 409318232428D13E00B21622;
			productRefGroup = 4093182D2428D13E00B21622 /* Products */;
			projectDirPath = "";
			projectRoot = "";
			targets = (
				4093182B2428D13E00B21622 /* Running tracker */,
				409318442428D14000B21622 /* Running trackerTests */,
			);
		};
/* End PBXProject section */

/* Begin PBXResourcesBuildPhase section */
		4093182A2428D13E00B21622 /* Resources */ = {
			isa = PBXResourcesBuildPhase;
			buildActionMask = 2147483647;
			files = (
				4093183F2428D14000B21622 /* LaunchScreen.storyboard in Resources */,
				4093183C2428D14000B21622 /* Assets.xcassets in Resources */,
			);
			runOnlyForDeploymentPostprocessing = 0;
		};
		409318432428D14000B21622 /* Resources */ = {
			isa = PBXResourcesBuildPhase;
			buildActionMask = 2147483647;
			files = (
			);
			runOnlyForDeploymentPostprocessing = 0;
		};
/* End PBXResourcesBuildPhase section */

/* Begin PBXSourcesBuildPhase section */
		409318282428D13E00B21622 /* Sources */ = {
			isa = PBXSourcesBuildPhase;
			buildActionMask = 2147483647;
			files = (
				4093183A2428D13E00B21622 /* Running_tracker.xcdatamodeld in Sources */,
				409318342428D13E00B21622 /* ViewController.swift in Sources */,
				409318302428D13E00B21622 /* AppDelegate.swift in Sources */,
				409318322428D13E00B21622 /* SceneDelegate.swift in Sources */,
				FBFD668C242D10B800770B31 /* Session.swift in Sources */,
				FB036D6A242BAE640069D27C /* StartSessionUseCase.swift in Sources */,
				40931863242A76AC00B21622 /* Presenter.swift in Sources */,
				40931866242A76D300B21622 /* SessionTracker.swift in Sources */,
			);
			runOnlyForDeploymentPostprocessing = 0;
		};
		409318412428D14000B21622 /* Sources */ = {
			isa = PBXSourcesBuildPhase;
			buildActionMask = 2147483647;
			files = (
				4093184A2428D14000B21622 /* Running_trackerTests.swift in Sources */,
			);
			runOnlyForDeploymentPostprocessing = 0;
		};
/* End PBXSourcesBuildPhase section */

/* Begin PBXTargetDependency section */
		409318472428D14000B21622 /* PBXTargetDependency */ = {
			isa = PBXTargetDependency;
			target = 4093182B2428D13E00B21622 /* Running tracker */;
			targetProxy = 409318462428D14000B21622 /* PBXContainerItemProxy */;
		};
/* End PBXTargetDependency section */

/* Begin PBXVariantGroup section */
		4093183D2428D14000B21622 /* LaunchScreen.storyboard */ = {
			isa = PBXVariantGroup;
			children = (
				4093183E2428D14000B21622 /* Base */,
			);
			name = LaunchScreen.storyboard;
			sourceTree = "<group>";
		};
/* End PBXVariantGroup section */

/* Begin XCBuildConfiguration section */
		4093184C2428D14000B21622 /* Debug */ = {
			isa = XCBuildConfiguration;
			buildSettings = {
				ALWAYS_SEARCH_USER_PATHS = NO;
				CLANG_ANALYZER_NONNULL = YES;
				CLANG_ANALYZER_NUMBER_OBJECT_CONVERSION = YES_AGGRESSIVE;
				CLANG_CXX_LANGUAGE_STANDARD = "gnu++14";
				CLANG_CXX_LIBRARY = "libc++";
				CLANG_ENABLE_MODULES = YES;
				CLANG_ENABLE_OBJC_ARC = YES;
				CLANG_ENABLE_OBJC_WEAK = YES;
				CLANG_WARN_BLOCK_CAPTURE_AUTORELEASING = YES;
				CLANG_WARN_BOOL_CONVERSION = YES;
				CLANG_WARN_COMMA = YES;
				CLANG_WARN_CONSTANT_CONVERSION = YES;
				CLANG_WARN_DEPRECATED_OBJC_IMPLEMENTATIONS = YES;
				CLANG_WARN_DIRECT_OBJC_ISA_USAGE = YES_ERROR;
				CLANG_WARN_DOCUMENTATION_COMMENTS = YES;
				CLANG_WARN_EMPTY_BODY = YES;
				CLANG_WARN_ENUM_CONVERSION = YES;
				CLANG_WARN_INFINITE_RECURSION = YES;
				CLANG_WARN_INT_CONVERSION = YES;
				CLANG_WARN_NON_LITERAL_NULL_CONVERSION = YES;
				CLANG_WARN_OBJC_IMPLICIT_RETAIN_SELF = YES;
				CLANG_WARN_OBJC_LITERAL_CONVERSION = YES;
				CLANG_WARN_OBJC_ROOT_CLASS = YES_ERROR;
				CLANG_WARN_RANGE_LOOP_ANALYSIS = YES;
				CLANG_WARN_STRICT_PROTOTYPES = YES;
				CLANG_WARN_SUSPICIOUS_MOVE = YES;
				CLANG_WARN_UNGUARDED_AVAILABILITY = YES_AGGRESSIVE;
				CLANG_WARN_UNREACHABLE_CODE = YES;
				CLANG_WARN__DUPLICATE_METHOD_MATCH = YES;
				COPY_PHASE_STRIP = NO;
				DEBUG_INFORMATION_FORMAT = dwarf;
				ENABLE_STRICT_OBJC_MSGSEND = YES;
				ENABLE_TESTABILITY = YES;
				GCC_C_LANGUAGE_STANDARD = gnu11;
				GCC_DYNAMIC_NO_PIC = NO;
				GCC_NO_COMMON_BLOCKS = YES;
				GCC_OPTIMIZATION_LEVEL = 0;
				GCC_PREPROCESSOR_DEFINITIONS = (
					"DEBUG=1",
					"$(inherited)",
				);
				GCC_WARN_64_TO_32_BIT_CONVERSION = YES;
				GCC_WARN_ABOUT_RETURN_TYPE = YES_ERROR;
				GCC_WARN_UNDECLARED_SELECTOR = YES;
				GCC_WARN_UNINITIALIZED_AUTOS = YES_AGGRESSIVE;
				GCC_WARN_UNUSED_FUNCTION = YES;
				GCC_WARN_UNUSED_VARIABLE = YES;
				IPHONEOS_DEPLOYMENT_TARGET = 13.2;
				MTL_ENABLE_DEBUG_INFO = INCLUDE_SOURCE;
				MTL_FAST_MATH = YES;
				ONLY_ACTIVE_ARCH = YES;
				SDKROOT = iphoneos;
				SWIFT_ACTIVE_COMPILATION_CONDITIONS = DEBUG;
				SWIFT_OPTIMIZATION_LEVEL = "-Onone";
			};
			name = Debug;
		};
		4093184D2428D14000B21622 /* Release */ = {
			isa = XCBuildConfiguration;
			buildSettings = {
				ALWAYS_SEARCH_USER_PATHS = NO;
				CLANG_ANALYZER_NONNULL = YES;
				CLANG_ANALYZER_NUMBER_OBJECT_CONVERSION = YES_AGGRESSIVE;
				CLANG_CXX_LANGUAGE_STANDARD = "gnu++14";
				CLANG_CXX_LIBRARY = "libc++";
				CLANG_ENABLE_MODULES = YES;
				CLANG_ENABLE_OBJC_ARC = YES;
				CLANG_ENABLE_OBJC_WEAK = YES;
				CLANG_WARN_BLOCK_CAPTURE_AUTORELEASING = YES;
				CLANG_WARN_BOOL_CONVERSION = YES;
				CLANG_WARN_COMMA = YES;
				CLANG_WARN_CONSTANT_CONVERSION = YES;
				CLANG_WARN_DEPRECATED_OBJC_IMPLEMENTATIONS = YES;
				CLANG_WARN_DIRECT_OBJC_ISA_USAGE = YES_ERROR;
				CLANG_WARN_DOCUMENTATION_COMMENTS = YES;
				CLANG_WARN_EMPTY_BODY = YES;
				CLANG_WARN_ENUM_CONVERSION = YES;
				CLANG_WARN_INFINITE_RECURSION = YES;
				CLANG_WARN_INT_CONVERSION = YES;
				CLANG_WARN_NON_LITERAL_NULL_CONVERSION = YES;
				CLANG_WARN_OBJC_IMPLICIT_RETAIN_SELF = YES;
				CLANG_WARN_OBJC_LITERAL_CONVERSION = YES;
				CLANG_WARN_OBJC_ROOT_CLASS = YES_ERROR;
				CLANG_WARN_RANGE_LOOP_ANALYSIS = YES;
				CLANG_WARN_STRICT_PROTOTYPES = YES;
				CLANG_WARN_SUSPICIOUS_MOVE = YES;
				CLANG_WARN_UNGUARDED_AVAILABILITY = YES_AGGRESSIVE;
				CLANG_WARN_UNREACHABLE_CODE = YES;
				CLANG_WARN__DUPLICATE_METHOD_MATCH = YES;
				COPY_PHASE_STRIP = NO;
				DEBUG_INFORMATION_FORMAT = "dwarf-with-dsym";
				ENABLE_NS_ASSERTIONS = NO;
				ENABLE_STRICT_OBJC_MSGSEND = YES;
				GCC_C_LANGUAGE_STANDARD = gnu11;
				GCC_NO_COMMON_BLOCKS = YES;
				GCC_WARN_64_TO_32_BIT_CONVERSION = YES;
				GCC_WARN_ABOUT_RETURN_TYPE = YES_ERROR;
				GCC_WARN_UNDECLARED_SELECTOR = YES;
				GCC_WARN_UNINITIALIZED_AUTOS = YES_AGGRESSIVE;
				GCC_WARN_UNUSED_FUNCTION = YES;
				GCC_WARN_UNUSED_VARIABLE = YES;
				IPHONEOS_DEPLOYMENT_TARGET = 13.2;
				MTL_ENABLE_DEBUG_INFO = NO;
				MTL_FAST_MATH = YES;
				SDKROOT = iphoneos;
				SWIFT_COMPILATION_MODE = wholemodule;
				SWIFT_OPTIMIZATION_LEVEL = "-O";
				VALIDATE_PRODUCT = YES;
			};
			name = Release;
		};
		4093184F2428D14000B21622 /* Debug */ = {
			isa = XCBuildConfiguration;
			buildSettings = {
				ASSETCATALOG_COMPILER_APPICON_NAME = AppIcon;
				CODE_SIGN_STYLE = Automatic;
				DEVELOPMENT_TEAM = SU33AJBF5T;
				INFOPLIST_FILE = "Running tracker/Info.plist";
				LD_RUNPATH_SEARCH_PATHS = (
					"$(inherited)",
					"@executable_path/Frameworks",
				);
				PRODUCT_BUNDLE_IDENTIFIER = "org.kifio.Running-tracker";
				PRODUCT_NAME = "$(TARGET_NAME)";
				SWIFT_VERSION = 5.0;
				TARGETED_DEVICE_FAMILY = 1;
			};
			name = Debug;
		};
		409318502428D14000B21622 /* Release */ = {
			isa = XCBuildConfiguration;
			buildSettings = {
				ASSETCATALOG_COMPILER_APPICON_NAME = AppIcon;
				CODE_SIGN_STYLE = Automatic;
				DEVELOPMENT_TEAM = SU33AJBF5T;
				INFOPLIST_FILE = "Running tracker/Info.plist";
				LD_RUNPATH_SEARCH_PATHS = (
					"$(inherited)",
					"@executable_path/Frameworks",
				);
				PRODUCT_BUNDLE_IDENTIFIER = "org.kifio.Running-tracker";
				PRODUCT_NAME = "$(TARGET_NAME)";
				SWIFT_VERSION = 5.0;
				TARGETED_DEVICE_FAMILY = 1;
			};
			name = Release;
		};
		409318522428D14000B21622 /* Debug */ = {
			isa = XCBuildConfiguration;
			buildSettings = {
				ALWAYS_EMBED_SWIFT_STANDARD_LIBRARIES = YES;
				BUNDLE_LOADER = "$(TEST_HOST)";
				CODE_SIGN_STYLE = Automatic;
				DEVELOPMENT_TEAM = 4HXSM95HAJ;
				INFOPLIST_FILE = "Running trackerTests/Info.plist";
				IPHONEOS_DEPLOYMENT_TARGET = 13.2;
				LD_RUNPATH_SEARCH_PATHS = (
					"$(inherited)",
					"@executable_path/Frameworks",
					"@loader_path/Frameworks",
				);
				PRODUCT_BUNDLE_IDENTIFIER = "org.kifio.Running-trackerTests";
				PRODUCT_NAME = "$(TARGET_NAME)";
				SWIFT_VERSION = 5.0;
				TARGETED_DEVICE_FAMILY = "1,2";
				TEST_HOST = "$(BUILT_PRODUCTS_DIR)/Running tracker.app/Running tracker";
			};
			name = Debug;
		};
		409318532428D14000B21622 /* Release */ = {
			isa = XCBuildConfiguration;
			buildSettings = {
				ALWAYS_EMBED_SWIFT_STANDARD_LIBRARIES = YES;
				BUNDLE_LOADER = "$(TEST_HOST)";
				CODE_SIGN_STYLE = Automatic;
				DEVELOPMENT_TEAM = 4HXSM95HAJ;
				INFOPLIST_FILE = "Running trackerTests/Info.plist";
				IPHONEOS_DEPLOYMENT_TARGET = 13.2;
				LD_RUNPATH_SEARCH_PATHS = (
					"$(inherited)",
					"@executable_path/Frameworks",
					"@loader_path/Frameworks",
				);
				PRODUCT_BUNDLE_IDENTIFIER = "org.kifio.Running-trackerTests";
				PRODUCT_NAME = "$(TARGET_NAME)";
				SWIFT_VERSION = 5.0;
				TARGETED_DEVICE_FAMILY = "1,2";
				TEST_HOST = "$(BUILT_PRODUCTS_DIR)/Running tracker.app/Running tracker";
			};
			name = Release;
		};
/* End XCBuildConfiguration section */

/* Begin XCConfigurationList section */
		409318272428D13E00B21622 /* Build configuration list for PBXProject "Running tracker" */ = {
			isa = XCConfigurationList;
			buildConfigurations = (
				4093184C2428D14000B21622 /* Debug */,
				4093184D2428D14000B21622 /* Release */,
			);
			defaultConfigurationIsVisible = 0;
			defaultConfigurationName = Release;
		};
		4093184E2428D14000B21622 /* Build configuration list for PBXNativeTarget "Running tracker" */ = {
			isa = XCConfigurationList;
			buildConfigurations = (
				4093184F2428D14000B21622 /* Debug */,
				409318502428D14000B21622 /* Release */,
			);
			defaultConfigurationIsVisible = 0;
			defaultConfigurationName = Release;
		};
		409318512428D14000B21622 /* Build configuration list for PBXNativeTarget "Running trackerTests" */ = {
			isa = XCConfigurationList;
			buildConfigurations = (
				409318522428D14000B21622 /* Debug */,
				409318532428D14000B21622 /* Release */,
			);
			defaultConfigurationIsVisible = 0;
			defaultConfigurationName = Release;
		};
/* End XCConfigurationList section */

/* Begin XCVersionGroup section */
		409318382428D13E00B21622 /* Running_tracker.xcdatamodeld */ = {
			isa = XCVersionGroup;
			children = (
				409318392428D13E00B21622 /* Running_tracker.xcdatamodel */,
			);
			currentVersion = 409318392428D13E00B21622 /* Running_tracker.xcdatamodel */;
			path = Running_tracker.xcdatamodeld;
			sourceTree = "<group>";
			versionGroupType = wrapper.xcdatamodel;
		};
/* End XCVersionGroup section */
	};
	rootObject = 409318242428D13E00B21622 /* Project object */;
}
